
Microsoft Visual Studio Solution File, Format Version 12.00
# Visual Studio Version 16
VisualStudioVersion = 16.0.31019.35
MinimumVisualStudioVersion = 10.0.40219.1
Project("{9A19103F-16F7-4668-BE54-9A1E7A4F7556}") = "Lab", "Lab\Lab.csproj", "{E43066F8-ADA9-461B-9D46-80DBE299426D}"
EndProject
Project("{9A19103F-16F7-4668-BE54-9A1E7A4F7556}") = "LabTests", "LabTests\LabTests.csproj", "{57363376-9937-4D5C-AA27-4E96B51F9C88}"
EndProject
Project("{2150E333-8FDC-42A3-9474-1A3956D46DE8}") = "Tests", "Tests", "{5F37F2AA-3E2A-46CF-8244-4EB5F7426E7A}"
EndProject
Project("{9A19103F-16F7-4668-BE54-9A1E7A4F7556}") = "LabWPF", "LabWPF\LabWPF.csproj", "{8BD96726-F6C1-47DD-B019-FDF45EE5400C}"
EndProject
Project("{9A19103F-16F7-4668-BE54-9A1E7A4F7556}") = "Services", "Services\Services.csproj", "{F31E308C-C6C0-4927-94B9-64F01D6E9D85}"
EndProject
Project("{9A19103F-16F7-4668-BE54-9A1E7A4F7556}") = "Models", "Models\Models.csproj", "{03402AC6-9391-4540-A7B9-200743129C6A}"
EndProject
Project("{2150E333-8FDC-42A3-9474-1A3956D46DE8}") = "Files", "Files", "{B8D19AD7-90C1-40F3-80B5-519203AF4A42}"
	ProjectSection(SolutionItems) = preProject
		..\Irama03\ControlSpending\Files\coins.txt = ..\Irama03\ControlSpending\Files\coins.txt
		..\Irama03\ControlSpending\Files\image1.jpg = ..\Irama03\ControlSpending\Files\image1.jpg
		..\Irama03\ControlSpending\Files\image2.jpg = ..\Irama03\ControlSpending\Files\image2.jpg
		..\Irama03\ControlSpending\Files\image3.jpg = ..\Irama03\ControlSpending\Files\image3.jpg
		..\Irama03\ControlSpending\Files\international_currencies.txt = ..\Irama03\ControlSpending\Files\international_currencies.txt
		..\Irama03\ControlSpending\Files\money_exchange.txt = ..\Irama03\ControlSpending\Files\money_exchange.txt
	EndProjectSection
EndProject
Global
	GlobalSection(SolutionConfigurationPlatforms) = preSolution
		Debug|Any CPU = Debug|Any CPU
		Release|Any CPU = Release|Any CPU
	EndGlobalSection
	GlobalSection(ProjectConfigurationPlatforms) = postSolution
		{E43066F8-ADA9-461B-9D46-80DBE299426D}.Debug|Any CPU.ActiveCfg = Debug|Any CPU
		{E43066F8-ADA9-461B-9D46-80DBE299426D}.Debug|Any CPU.Build.0 = Debug|Any CPU
		{E43066F8-ADA9-461B-9D46-80DBE299426D}.Release|Any CPU.ActiveCfg = Release|Any CPU
		{E43066F8-ADA9-461B-9D46-80DBE299426D}.Release|Any CPU.Build.0 = Release|Any CPU
		{57363376-9937-4D5C-AA27-4E96B51F9C88}.Debug|Any CPU.ActiveCfg = Debug|Any CPU
		{57363376-9937-4D5C-AA27-4E96B51F9C88}.Debug|Any CPU.Build.0 = Debug|Any CPU
		{57363376-9937-4D5C-AA27-4E96B51F9C88}.Release|Any CPU.ActiveCfg = Release|Any CPU
		{57363376-9937-4D5C-AA27-4E96B51F9C88}.Release|Any CPU.Build.0 = Release|Any CPU
		{8BD96726-F6C1-47DD-B019-FDF45EE5400C}.Debug|Any CPU.ActiveCfg = Debug|Any CPU
		{8BD96726-F6C1-47DD-B019-FDF45EE5400C}.Debug|Any CPU.Build.0 = Debug|Any CPU
		{8BD96726-F6C1-47DD-B019-FDF45EE5400C}.Release|Any CPU.ActiveCfg = Release|Any CPU
		{8BD96726-F6C1-47DD-B019-FDF45EE5400C}.Release|Any CPU.Build.0 = Release|Any CPU
		{F31E308C-C6C0-4927-94B9-64F01D6E9D85}.Debug|Any CPU.ActiveCfg = Debug|Any CPU
		{F31E308C-C6C0-4927-94B9-64F01D6E9D85}.Debug|Any CPU.Build.0 = Debug|Any CPU
		{F31E308C-C6C0-4927-94B9-64F01D6E9D85}.Release|Any CPU.ActiveCfg = Release|Any CPU
		{F31E308C-C6C0-4927-94B9-64F01D6E9D85}.Release|Any CPU.Build.0 = Release|Any CPU
		{03402AC6-9391-4540-A7B9-200743129C6A}.Debug|Any CPU.ActiveCfg = Debug|Any CPU
		{03402AC6-9391-4540-A7B9-200743129C6A}.Debug|Any CPU.Build.0 = Debug|Any CPU
		{03402AC6-9391-4540-A7B9-200743129C6A}.Release|Any CPU.ActiveCfg = Release|Any CPU
		{03402AC6-9391-4540-A7B9-200743129C6A}.Release|Any CPU.Build.0 = Release|Any CPU
	EndGlobalSection
	GlobalSection(SolutionProperties) = preSolution
		HideSolutionNode = FALSE
	EndGlobalSection
	GlobalSection(NestedProjects) = preSolution
		{57363376-9937-4D5C-AA27-4E96B51F9C88} = {5F37F2AA-3E2A-46CF-8244-4EB5F7426E7A}
	EndGlobalSection
	GlobalSection(ExtensibilityGlobals) = postSolution
		SolutionGuid = {3C550033-259A-43BA-B482-8F5E8EAD1564}
	EndGlobalSection
EndGlobal
